# This file is automatically @generated by Cargo.
# It is not intended for manual editing.
version = 4

[[package]]
name = "pathland-engine"
version = "0.1.0"
dependencies = [
 "pathland-opcode",
 "pathland-view",
]

[[package]]
name = "pathland-host"
version = "0.1.0"
dependencies = [
 "pathland-engine",
 "pathland-opcode",
 "pathland-view",
]

[[package]]
name = "pathland-opcode"
version = "0.1.0"

[[package]]
name = "pathland-view"
version = "0.1.0"
dependencies = [
 "pathland-opcode",
]
